
Microsoft Visual Studio Solution File, Format Version 12.00
# Visual Studio Version 16
VisualStudioVersion = 16.0.31105.61
MinimumVisualStudioVersion = 10.0.40219.1
Project("{9A19103F-16F7-4668-BE54-9A1E7A4F7556}") = "Business", "Business\Business.csproj", "{6A3220A3-6044-4B47-9ACC-1A94B4F5310F}"
EndProject
Project("{9A19103F-16F7-4668-BE54-9A1E7A4F7556}") = "DataAccess", "DataAccess\DataAccess.csproj", "{79A0E7FB-582A-438E-9FE8-E6A72179994E}"
EndProject
Project("{9A19103F-16F7-4668-BE54-9A1E7A4F7556}") = "ConsoleUI", "ConsoleUI\ConsoleUI.csproj", "{3B74BC8C-4C0F-4847-B7D8-4825B9EBA324}"
EndProject
Project("{9A19103F-16F7-4668-BE54-9A1E7A4F7556}") = "Entities", "Entities\Entities.csproj", "{F5AB95BF-8E1E-43A9-8336-CC937B4DA86E}"
EndProject
Project("{9A19103F-16F7-4668-BE54-9A1E7A4F7556}") = "Core", "Core\Core.csproj", "{38DCCA6B-1E31-41F7-AE24-B1161EE32200}"
EndProject
Project("{FAE04EC0-301F-11D3-BF4B-00C04F79EFBC}") = "WebAPI", "WebAPI\WebAPI.csproj", "{A1F94E45-F06D-420C-AFF0-EB0BFDC80E36}"
EndProject
Global
	GlobalSection(SolutionConfigurationPlatforms) = preSolution
		Debug|Any CPU = Debug|Any CPU
		Release|Any CPU = Release|Any CPU
	EndGlobalSection
	GlobalSection(ProjectConfigurationPlatforms) = postSolution
		{6A3220A3-6044-4B47-9ACC-1A94B4F5310F}.Debug|Any CPU.ActiveCfg = Debug|Any CPU
		{6A3220A3-6044-4B47-9ACC-1A94B4F5310F}.Debug|Any CPU.Build.0 = Debug|Any CPU
		{6A3220A3-6044-4B47-9ACC-1A94B4F5310F}.Release|Any CPU.ActiveCfg = Release|Any CPU
		{6A3220A3-6044-4B47-9ACC-1A94B4F5310F}.Release|Any CPU.Build.0 = Release|Any CPU
		{79A0E7FB-582A-438E-9FE8-E6A72179994E}.Debug|Any CPU.ActiveCfg = Debug|Any CPU
		{79A0E7FB-582A-438E-9FE8-E6A72179994E}.Debug|Any CPU.Build.0 = Debug|Any CPU
		{79A0E7FB-582A-438E-9FE8-E6A72179994E}.Release|Any CPU.ActiveCfg = Release|Any CPU
		{79A0E7FB-582A-438E-9FE8-E6A72179994E}.Release|Any CPU.Build.0 = Release|Any CPU
		{3B74BC8C-4C0F-4847-B7D8-4825B9EBA324}.Debug|Any CPU.ActiveCfg = Debug|Any CPU
		{3B74BC8C-4C0F-4847-B7D8-4825B9EBA324}.Debug|Any CPU.Build.0 = Debug|Any CPU
		{3B74BC8C-4C0F-4847-B7D8-4825B9EBA324}.Release|Any CPU.ActiveCfg = Release|Any CPU
		{3B74BC8C-4C0F-4847-B7D8-4825B9EBA324}.Release|Any CPU.Build.0 = Release|Any CPU
		{F5AB95BF-8E1E-43A9-8336-CC937B4DA86E}.Debug|Any CPU.ActiveCfg = Debug|Any CPU
		{F5AB95BF-8E1E-43A9-8336-CC937B4DA86E}.Debug|Any CPU.Build.0 = Debug|Any CPU
		{F5AB95BF-8E1E-43A9-8336-CC937B4DA86E}.Release|Any CPU.ActiveCfg = Release|Any CPU
		{F5AB95BF-8E1E-43A9-8336-CC937B4DA86E}.Release|Any CPU.Build.0 = Release|Any CPU
		{38DCCA6B-1E31-41F7-AE24-B1161EE32200}.Debug|Any CPU.ActiveCfg = Debug|Any CPU
		{38DCCA6B-1E31-41F7-AE24-B1161EE32200}.Debug|Any CPU.Build.0 = Debug|Any CPU
		{38DCCA6B-1E31-41F7-AE24-B1161EE32200}.Release|Any CPU.ActiveCfg = Release|Any CPU
		{38DCCA6B-1E31-41F7-AE24-B1161EE32200}.Release|Any CPU.Build.0 = Release|Any CPU
		{A1F94E45-F06D-420C-AFF0-EB0BFDC80E36}.Debug|Any CPU.ActiveCfg = Debug|Any CPU
		{A1F94E45-F06D-420C-AFF0-EB0BFDC80E36}.Debug|Any CPU.Build.0 = Debug|Any CPU
		{A1F94E45-F06D-420C-AFF0-EB0BFDC80E36}.Release|Any CPU.ActiveCfg = Release|Any CPU
		{A1F94E45-F06D-420C-AFF0-EB0BFDC80E36}.Release|Any CPU.Build.0 = Release|Any CPU
	EndGlobalSection
	GlobalSection(SolutionProperties) = preSolution
		HideSolutionNode = FALSE
	EndGlobalSection
	GlobalSection(ExtensibilityGlobals) = postSolution
		SolutionGuid = {2AB813D7-EAF2-49E0-BA68-E61EEAC7175D}
	EndGlobalSection
EndGlobal
